<?xml version="1.0" encoding="UTF-8" standalone="yes" ?>
<CodeBlocks_project_file>
	<FileVersion major="1" minor="6" />
	<Project>
		<Option title="QSC" />
		<Option platforms="Windows;" />
		<Option pch_mode="2" />
		<Option compiler="gcc" />
		<Build>
			<Target title="Debug">
				<Option platforms="Windows;" />
				<Option output="bin/Debug/QSC" prefix_auto="1" extension_auto="1" />
				<Option working_dir="" />
				<Option object_output="obj/Debug/" />
				<Option type="2" />
				<Option compiler="gcc" />
				<Option createDefFile="1" />
				<Compiler>
					<Add option="-Wall" />
					<Add option="-g" />
				</Compiler>
			</Target>
			<Target title="Release">
				<Option output="bin/Release/QSC" prefix_auto="1" extension_auto="1" />
				<Option working_dir="" />
				<Option object_output="obj/Release/" />
				<Option type="2" />
				<Option compiler="gcc" />
				<Option createDefFile="1" />
				<Compiler>
					<Add option="-Wall" />
					<Add option="-O2" />
				</Compiler>
				<Linker>
					<Add option="-s" />
				</Linker>
			</Target>
		</Build>
		<Compiler>
			<Add option="-Wredundant-decls" />
			<Add option="-Wall" />
			<Add option="-std=c17" />
			<Add option="-m64" />
			<Add option="-march=native" />
			<Add option="-mavx2" />
			<Add option="-maes" />
			<Add option="-fopenmp" />
		</Compiler>
		<Linker>
			<Add option="-m64" />
		</Linker>
		<Unit filename="acp.c">
			<Option compilerVar="CC" />
		</Unit>
		<Unit filename="acp.h" />
		<Unit filename="arrayutils.c">
			<Option compilerVar="CC" />
		</Unit>
		<Unit filename="arrayutils.h" />
		<Unit filename="async.c">
			<Option compilerVar="CC" />
		</Unit>
		<Unit filename="async.h" />
		<Unit filename="asyncresult.h" />
		<Unit filename="chacha.c">
			<Option compilerVar="CC" />
		</Unit>
		<Unit filename="chacha.h" />
		<Unit filename="chachabase.h" />
		<Unit filename="common.h" />
		<Unit filename="consoleutils.c">
			<Option compilerVar="CC" />
		</Unit>
		<Unit filename="consoleutils.h" />
		<Unit filename="cpuid.c">
			<Option compilerVar="CC" />
		</Unit>
		<Unit filename="cpuid.h" />
		<Unit filename="csg.c">
			<Option compilerVar="CC" />
		</Unit>
		<Unit filename="csg.h" />
		<Unit filename="csp.c">
			<Option compilerVar="CC" />
		</Unit>
		<Unit filename="csp.h" />
		<Unit filename="csx.c">
			<Option compilerVar="CC" />
		</Unit>
		<Unit filename="csx.h" />
		<Unit filename="dilithium.c">
			<Option compilerVar="CC" />
		</Unit>
		<Unit filename="dilithium.h" />
		<Unit filename="dilithiumbase.c">
			<Option compilerVar="CC" />
		</Unit>
		<Unit filename="dilithiumbase.h" />
		<Unit filename="dilithiumbase_avx2.c">
			<Option compilerVar="CC" />
		</Unit>
		<Unit filename="dilithiumbase_avx2.h" />
		<Unit filename="donna128.c">
			<Option compilerVar="CC" />
		</Unit>
		<Unit filename="donna128.h" />
		<Unit filename="ec25519.c">
			<Option compilerVar="CC" />
		</Unit>
		<Unit filename="ec25519.h" />
		<Unit filename="ecdh.c">
			<Option compilerVar="CC" />
		</Unit>
		<Unit filename="ecdh.h" />
		<Unit filename="ecdhbase.c">
			<Option compilerVar="CC" />
		</Unit>
		<Unit filename="ecdhbase.h" />
		<Unit filename="ecdsa.c">
			<Option compilerVar="CC" />
		</Unit>
		<Unit filename="ecdsa.h" />
		<Unit filename="ecdsabase.c">
			<Option compilerVar="CC" />
		</Unit>
		<Unit filename="ecdsabase.h" />
		<Unit filename="encoding.c">
			<Option compilerVar="CC" />
		</Unit>
		<Unit filename="encoding.h" />
		<Unit filename="event.c">
			<Option compilerVar="CC" />
		</Unit>
		<Unit filename="event.h" />
		<Unit filename="falcon.c">
			<Option compilerVar="CC" />
		</Unit>
		<Unit filename="falcon.h" />
		<Unit filename="falconbase.c">
			<Option compilerVar="CC" />
		</Unit>
		<Unit filename="falconbase.h" />
		<Unit filename="falconbase_avx2.c">
			<Option compilerVar="CC" />
		</Unit>
		<Unit filename="falconbase_avx2.h" />
		<Unit filename="fileutils.c">
			<Option compilerVar="CC" />
		</Unit>
		<Unit filename="fileutils.h" />
		<Unit filename="folderutils.c">
			<Option compilerVar="CC" />
		</Unit>
		<Unit filename="folderutils.h" />
		<Unit filename="hcg.c">
			<Option compilerVar="CC" />
		</Unit>
		<Unit filename="hcg.h" />
		<Unit filename="hkpdclient.h" />
		<Unit filename="hkpdserver.h" />
		<Unit filename="intrinsics.h" />
		<Unit filename="intutils.c">
			<Option compilerVar="CC" />
		</Unit>
		<Unit filename="intutils.h" />
		<Unit filename="ipinfo.c">
			<Option compilerVar="CC" />
		</Unit>
		<Unit filename="ipinfo.h" />
		<Unit filename="kyber.c">
			<Option compilerVar="CC" />
		</Unit>
		<Unit filename="kyber.h" />
		<Unit filename="kyber_asm_consts.h" />
		<Unit filename="kyberbase.c">
			<Option compilerVar="CC" />
		</Unit>
		<Unit filename="kyberbase.h" />
		<Unit filename="kyberbase_avx2.c">
			<Option compilerVar="CC" />
		</Unit>
		<Unit filename="kyberbase_avx2.h" />
		<Unit filename="main.c">
			<Option compilerVar="CC" />
		</Unit>
		<Unit filename="mceliece.c">
			<Option compilerVar="CC" />
		</Unit>
		<Unit filename="mceliece.h" />
		<Unit filename="mceliecebase.c">
			<Option compilerVar="CC" />
		</Unit>
		<Unit filename="mceliecebase.h" />
		<Unit filename="mceliecebase_avx2.c">
			<Option compilerVar="CC" />
		</Unit>
		<Unit filename="mceliecebase_avx2.h" />
		<Unit filename="memutils.c">
			<Option compilerVar="CC" />
		</Unit>
		<Unit filename="memutils.h" />
		<Unit filename="netutils.c">
			<Option compilerVar="CC" />
		</Unit>
		<Unit filename="netutils.h" />
		<Unit filename="ntru.c">
			<Option compilerVar="CC" />
		</Unit>
		<Unit filename="ntru.h" />
		<Unit filename="ntrubase.c">
			<Option compilerVar="CC" />
		</Unit>
		<Unit filename="ntrubase.h" />
		<Unit filename="ntrubase_avx2.c">
			<Option compilerVar="CC" />
		</Unit>
		<Unit filename="ntrubase_avx2.h" />
		<Unit filename="parallel.c">
			<Option compilerVar="CC" />
		</Unit>
		<Unit filename="parallel.h" />
		<Unit filename="poly1305.c">
			<Option compilerVar="CC" />
		</Unit>
		<Unit filename="poly1305.h" />
		<Unit filename="queue.c">
			<Option compilerVar="CC" />
		</Unit>
		<Unit filename="queue.h" />
		<Unit filename="rcs.c">
			<Option compilerVar="CC" />
		</Unit>
		<Unit filename="rcs.h" />
		<Unit filename="rdp.c">
			<Option compilerVar="CC" />
		</Unit>
		<Unit filename="rdp.h" />
		<Unit filename="secmem.c">
			<Option compilerVar="CC" />
		</Unit>
		<Unit filename="secmem.h" />
		<Unit filename="secrand.c">
			<Option compilerVar="CC" />
		</Unit>
		<Unit filename="secrand.h" />
		<Unit filename="selftest.c">
			<Option compilerVar="CC" />
		</Unit>
		<Unit filename="selftest.h" />
		<Unit filename="sha2.c">
			<Option compilerVar="CC" />
		</Unit>
		<Unit filename="sha2.h" />
		<Unit filename="sha3.c">
			<Option compilerVar="CC" />
		</Unit>
		<Unit filename="sha3.h" />
		<Unit filename="socket.c">
			<Option compilerVar="CC" />
		</Unit>
		<Unit filename="socket.h" />
		<Unit filename="socketbase.c">
			<Option compilerVar="CC" />
		</Unit>
		<Unit filename="socketbase.h" />
		<Unit filename="socketclient.c">
			<Option compilerVar="CC" />
		</Unit>
		<Unit filename="socketclient.h" />
		<Unit filename="socketflags.h" />
		<Unit filename="socketserver.c">
			<Option compilerVar="CC" />
		</Unit>
		<Unit filename="socketserver.h" />
		<Unit filename="sphincsplus.c">
			<Option compilerVar="CC" />
		</Unit>
		<Unit filename="sphincsplus.h" />
		<Unit filename="sphincsplusbase.c">
			<Option compilerVar="CC" />
		</Unit>
		<Unit filename="sphincsplusbase.h" />
		<Unit filename="sphincsplusbase_avx2.c">
			<Option compilerVar="CC" />
		</Unit>
		<Unit filename="sphincsplusbase_avx2.h" />
		<Unit filename="stringutils.c">
			<Option compilerVar="CC" />
		</Unit>
		<Unit filename="stringutils.h" />
		<Unit filename="sysutils.c">
			<Option compilerVar="CC" />
		</Unit>
		<Unit filename="sysutils.h" />
		<Unit filename="testutils.c">
			<Option compilerVar="CC" />
		</Unit>
		<Unit filename="testutils.h" />
		<Unit filename="threadpool.h" />
		<Unit filename="threads.c">
			<Option compilerVar="CC" />
		</Unit>
		<Unit filename="threads.h" />
		<Unit filename="timer.c">
			<Option compilerVar="CC" />
		</Unit>
		<Unit filename="timer.h" />
		<Unit filename="timestamp.c">
			<Option compilerVar="CC" />
		</Unit>
		<Unit filename="timestamp.h" />
		<Unit filename="transpose.c">
			<Option compilerVar="CC" />
		</Unit>
		<Unit filename="transpose.h" />
		<Extensions />
	</Project>
</CodeBlocks_project_file>
