
Microsoft Visual Studio Solution File, Format Version 12.00
# Visual Studio Version 17
VisualStudioVersion = 17.12.35521.163
MinimumVisualStudioVersion = 10.0.40219.1
Project("{8BC9CEB8-8B4A-11D0-8D11-00A0C91BC942}") = "SKDP", "SKDP\SKDPX.vcxproj", "{0E117AC1-2D72-48EC-B3D7-EC5FE4557EDD}"
EndProject
Project("{8BC9CEB8-8B4A-11D0-8D11-00A0C91BC942}") = "QSC", "..\QSC\QSC\QSC.vcxproj", "{7B7F8E47-0F7C-4273-A229-A7AB2A452EA9}"
EndProject
Project("{2150E333-8FDC-42A3-9474-1A3956D46DE8}") = "Solution Items", "Solution Items", "{40DAE6B3-0570-4E2E-B17D-A1EE689D4DB8}"
	ProjectSection(SolutionItems) = preProject
		SKDP\QRCS-PL License.txt = SKDP\QRCS-PL License.txt
	EndProjectSection
EndProject
Project("{8BC9CEB8-8B4A-11D0-8D11-00A0C91BC942}") = "SKDP Client", "Client\SKDP.vcxproj", "{9DC2449A-80DE-4A10-A09A-CF0571937EFE}"
EndProject
Project("{8BC9CEB8-8B4A-11D0-8D11-00A0C91BC942}") = "SKDP Server", "Server\SKDP Server.vcxproj", "{02B33CB0-F735-424A-849F-C6E1288636C5}"
EndProject
Global
	GlobalSection(SolutionConfigurationPlatforms) = preSolution
		Debug|ARM = Debug|ARM
		Debug|x64 = Debug|x64
		Debug|x86 = Debug|x86
		Release|ARM = Release|ARM
		Release|x64 = Release|x64
		Release|x86 = Release|x86
	EndGlobalSection
	GlobalSection(ProjectConfigurationPlatforms) = postSolution
		{0E117AC1-2D72-48EC-B3D7-EC5FE4557EDD}.Debug|ARM.ActiveCfg = Debug|Win32
		{0E117AC1-2D72-48EC-B3D7-EC5FE4557EDD}.Debug|x64.ActiveCfg = Debug|x64
		{0E117AC1-2D72-48EC-B3D7-EC5FE4557EDD}.Debug|x64.Build.0 = Debug|x64
		{0E117AC1-2D72-48EC-B3D7-EC5FE4557EDD}.Debug|x86.ActiveCfg = Debug|Win32
		{0E117AC1-2D72-48EC-B3D7-EC5FE4557EDD}.Debug|x86.Build.0 = Debug|Win32
		{0E117AC1-2D72-48EC-B3D7-EC5FE4557EDD}.Release|ARM.ActiveCfg = Release|Win32
		{0E117AC1-2D72-48EC-B3D7-EC5FE4557EDD}.Release|x64.ActiveCfg = Release|x64
		{0E117AC1-2D72-48EC-B3D7-EC5FE4557EDD}.Release|x64.Build.0 = Release|x64
		{0E117AC1-2D72-48EC-B3D7-EC5FE4557EDD}.Release|x86.ActiveCfg = Release|Win32
		{0E117AC1-2D72-48EC-B3D7-EC5FE4557EDD}.Release|x86.Build.0 = Release|Win32
		{7B7F8E47-0F7C-4273-A229-A7AB2A452EA9}.Debug|ARM.ActiveCfg = Debug|ARM
		{7B7F8E47-0F7C-4273-A229-A7AB2A452EA9}.Debug|ARM.Build.0 = Debug|ARM
		{7B7F8E47-0F7C-4273-A229-A7AB2A452EA9}.Debug|x64.ActiveCfg = Debug|x64
		{7B7F8E47-0F7C-4273-A229-A7AB2A452EA9}.Debug|x64.Build.0 = Debug|x64
		{7B7F8E47-0F7C-4273-A229-A7AB2A452EA9}.Debug|x86.ActiveCfg = Debug|Win32
		{7B7F8E47-0F7C-4273-A229-A7AB2A452EA9}.Debug|x86.Build.0 = Debug|Win32
		{7B7F8E47-0F7C-4273-A229-A7AB2A452EA9}.Release|ARM.ActiveCfg = Release|ARM
		{7B7F8E47-0F7C-4273-A229-A7AB2A452EA9}.Release|ARM.Build.0 = Release|ARM
		{7B7F8E47-0F7C-4273-A229-A7AB2A452EA9}.Release|x64.ActiveCfg = Release|x64
		{7B7F8E47-0F7C-4273-A229-A7AB2A452EA9}.Release|x64.Build.0 = Release|x64
		{7B7F8E47-0F7C-4273-A229-A7AB2A452EA9}.Release|x86.ActiveCfg = Release|Win32
		{7B7F8E47-0F7C-4273-A229-A7AB2A452EA9}.Release|x86.Build.0 = Release|Win32
		{9DC2449A-80DE-4A10-A09A-CF0571937EFE}.Debug|ARM.ActiveCfg = Debug|x64
		{9DC2449A-80DE-4A10-A09A-CF0571937EFE}.Debug|ARM.Build.0 = Debug|x64
		{9DC2449A-80DE-4A10-A09A-CF0571937EFE}.Debug|x64.ActiveCfg = Debug|x64
		{9DC2449A-80DE-4A10-A09A-CF0571937EFE}.Debug|x64.Build.0 = Debug|x64
		{9DC2449A-80DE-4A10-A09A-CF0571937EFE}.Debug|x86.ActiveCfg = Debug|Win32
		{9DC2449A-80DE-4A10-A09A-CF0571937EFE}.Debug|x86.Build.0 = Debug|Win32
		{9DC2449A-80DE-4A10-A09A-CF0571937EFE}.Release|ARM.ActiveCfg = Release|x64
		{9DC2449A-80DE-4A10-A09A-CF0571937EFE}.Release|ARM.Build.0 = Release|x64
		{9DC2449A-80DE-4A10-A09A-CF0571937EFE}.Release|x64.ActiveCfg = Release|x64
		{9DC2449A-80DE-4A10-A09A-CF0571937EFE}.Release|x64.Build.0 = Release|x64
		{9DC2449A-80DE-4A10-A09A-CF0571937EFE}.Release|x86.ActiveCfg = Release|Win32
		{9DC2449A-80DE-4A10-A09A-CF0571937EFE}.Release|x86.Build.0 = Release|Win32
		{02B33CB0-F735-424A-849F-C6E1288636C5}.Debug|ARM.ActiveCfg = Debug|x64
		{02B33CB0-F735-424A-849F-C6E1288636C5}.Debug|ARM.Build.0 = Debug|x64
		{02B33CB0-F735-424A-849F-C6E1288636C5}.Debug|x64.ActiveCfg = Debug|x64
		{02B33CB0-F735-424A-849F-C6E1288636C5}.Debug|x64.Build.0 = Debug|x64
		{02B33CB0-F735-424A-849F-C6E1288636C5}.Debug|x86.ActiveCfg = Debug|Win32
		{02B33CB0-F735-424A-849F-C6E1288636C5}.Debug|x86.Build.0 = Debug|Win32
		{02B33CB0-F735-424A-849F-C6E1288636C5}.Release|ARM.ActiveCfg = Release|x64
		{02B33CB0-F735-424A-849F-C6E1288636C5}.Release|ARM.Build.0 = Release|x64
		{02B33CB0-F735-424A-849F-C6E1288636C5}.Release|x64.ActiveCfg = Release|x64
		{02B33CB0-F735-424A-849F-C6E1288636C5}.Release|x64.Build.0 = Release|x64
		{02B33CB0-F735-424A-849F-C6E1288636C5}.Release|x86.ActiveCfg = Release|Win32
		{02B33CB0-F735-424A-849F-C6E1288636C5}.Release|x86.Build.0 = Release|Win32
	EndGlobalSection
	GlobalSection(SolutionProperties) = preSolution
		HideSolutionNode = FALSE
	EndGlobalSection
	GlobalSection(ExtensibilityGlobals) = postSolution
		SolutionGuid = {CDF0DD6A-37C2-4E71-A790-7EB79C503917}
	EndGlobalSection
EndGlobal
